
Microsoft Visual Studio Solution File, Format Version 12.00
# Visual Studio Version 17
VisualStudioVersion = 17.0.32002.185
MinimumVisualStudioVersion = 10.0.40219.1
Project("{FAE04EC0-301F-11D3-BF4B-00C04F79EFBC}") = "ASP.Net-LinuxftDocker", "ASP.Net-LinuxftDocker\ASP.Net-LinuxftDocker.csproj", "{F81399E1-C6EE-4FC4-9EAF-29986401C908}"
EndProject
Global
	GlobalSection(SolutionConfigurationPlatforms) = preSolution
		Debug|Any CPU = Debug|Any CPU
		Release|Any CPU = Release|Any CPU
	EndGlobalSection
	GlobalSection(ProjectConfigurationPlatforms) = postSolution
		{F81399E1-C6EE-4FC4-9EAF-29986401C908}.Debug|Any CPU.ActiveCfg = Debug|Any CPU
		{F81399E1-C6EE-4FC4-9EAF-29986401C908}.Debug|Any CPU.Build.0 = Debug|Any CPU
		{F81399E1-C6EE-4FC4-9EAF-29986401C908}.Release|Any CPU.ActiveCfg = Release|Any CPU
		{F81399E1-C6EE-4FC4-9EAF-29986401C908}.Release|Any CPU.Build.0 = Release|Any CPU
	EndGlobalSection
	GlobalSection(SolutionProperties) = preSolution
		HideSolutionNode = FALSE
	EndGlobalSection
	GlobalSection(ExtensibilityGlobals) = postSolution
		SolutionGuid = {F632DB3B-39A0-46C1-AAAF-546CDC17C7D4}
	EndGlobalSection
EndGlobal
